
Microsoft Visual Studio Solution File, Format Version 12.00
# Visual Studio Version 17
VisualStudioVersion = 17.0.31919.166
MinimumVisualStudioVersion = 10.0.40219.1
Project("{FAE04EC0-301F-11D3-BF4B-00C04F79EFBC}") = "RSS_Chanel", "RSS_Chanel\RSS_Chanel.csproj", "{16A7E064-9FE3-4C72-9EAC-58C7734F99E2}"
EndProject
Global
	GlobalSection(SolutionConfigurationPlatforms) = preSolution
		Debug|Any CPU = Debug|Any CPU
		Release|Any CPU = Release|Any CPU
	EndGlobalSection
	GlobalSection(ProjectConfigurationPlatforms) = postSolution
		{16A7E064-9FE3-4C72-9EAC-58C7734F99E2}.Debug|Any CPU.ActiveCfg = Debug|Any CPU
		{16A7E064-9FE3-4C72-9EAC-58C7734F99E2}.Debug|Any CPU.Build.0 = Debug|Any CPU
		{16A7E064-9FE3-4C72-9EAC-58C7734F99E2}.Release|Any CPU.ActiveCfg = Release|Any CPU
		{16A7E064-9FE3-4C72-9EAC-58C7734F99E2}.Release|Any CPU.Build.0 = Release|Any CPU
	EndGlobalSection
	GlobalSection(SolutionProperties) = preSolution
		HideSolutionNode = FALSE
	EndGlobalSection
	GlobalSection(ExtensibilityGlobals) = postSolution
		SolutionGuid = {1AA86FF9-9418-4EE0-92A7-99602CA8A2E2}
	EndGlobalSection
EndGlobal
